
Microsoft Visual Studio Solution File, Format Version 12.00
# Visual Studio 15
VisualStudioVersion = 15.0.28307.960
MinimumVisualStudioVersion = 10.0.40219.1
Project("{FAE04EC0-301F-11D3-BF4B-00C04F79EFBC}") = "PicoPlacaPredictor", "PicoPlacaPredictor\PicoPlacaPredictor.csproj", "{F48CCB24-D1BE-4ED9-97DF-13F16031524F}"
EndProject
Project("{FAE04EC0-301F-11D3-BF4B-00C04F79EFBC}") = "PicoPlacaPredictor.Tests", "PicoPlacaPredictor.Tests\PicoPlacaPredictor.Tests.csproj", "{DF5D7379-527F-4071-8A60-DE0BA400C608}"
EndProject
Global
	GlobalSection(SolutionConfigurationPlatforms) = preSolution
		Debug|Any CPU = Debug|Any CPU
		Release|Any CPU = Release|Any CPU
	EndGlobalSection
	GlobalSection(ProjectConfigurationPlatforms) = postSolution
		{F48CCB24-D1BE-4ED9-97DF-13F16031524F}.Debug|Any CPU.ActiveCfg = Debug|Any CPU
		{F48CCB24-D1BE-4ED9-97DF-13F16031524F}.Debug|Any CPU.Build.0 = Debug|Any CPU
		{F48CCB24-D1BE-4ED9-97DF-13F16031524F}.Release|Any CPU.ActiveCfg = Release|Any CPU
		{F48CCB24-D1BE-4ED9-97DF-13F16031524F}.Release|Any CPU.Build.0 = Release|Any CPU
		{DF5D7379-527F-4071-8A60-DE0BA400C608}.Debug|Any CPU.ActiveCfg = Debug|Any CPU
		{DF5D7379-527F-4071-8A60-DE0BA400C608}.Debug|Any CPU.Build.0 = Debug|Any CPU
		{DF5D7379-527F-4071-8A60-DE0BA400C608}.Release|Any CPU.ActiveCfg = Release|Any CPU
		{DF5D7379-527F-4071-8A60-DE0BA400C608}.Release|Any CPU.Build.0 = Release|Any CPU
	EndGlobalSection
	GlobalSection(SolutionProperties) = preSolution
		HideSolutionNode = FALSE
	EndGlobalSection
	GlobalSection(ExtensibilityGlobals) = postSolution
		SolutionGuid = {B1417F4E-3829-4324-919E-B6FE274A936C}
	EndGlobalSection
EndGlobal
